{
  "originHash" : "622d17b129ecd2e405d9a6b02dab7cf0887182597d76a48cf1b668cef56c512e",
  "pins" : [
    {
      "identity" : "punycodeswift",
      "kind" : "remoteSourceControl",
      "location" : "https://github.com/gumob/PunycodeSwift.git",
      "state" : {
        "revision" : "30a462bdb4398ea835a3585472229e0d74b36ba5",
        "version" : "3.0.0"
      }
    },
    {
      "identity" : "tldextractswift",
      "kind" : "remoteSourceControl",
      "location" : "https://github.com/gumob/TLDExtractSwift.git",
      "state" : {
        "revision" : "95d7f90550821eb4bc796a1eb6f6ee15f918cbe9",
        "version" : "3.0.0"
      }
    }
  ],
  "version" : 3
}
